
Microsoft Visual Studio Solution File, Format Version 12.00
# Visual Studio Version 17
VisualStudioVersion = 17.5.002.0
MinimumVisualStudioVersion = 10.0.40219.1
Project("{2150E333-8FDC-42A3-9474-1A3956D46DE8}") = "src", "src", "{60975B28-ECD5-4099-B4FC-CC98E67361F4}"
EndProject
Project("{9A19103F-16F7-4668-BE54-9A1E7A4F7556}") = "Play.Trading.Service", "src\Play.Trading.Service\Play.Trading.Service.csproj", "{CEF0A7DD-85D3-4FEB-A1A4-365B8488095F}"
EndProject
Global
	GlobalSection(SolutionConfigurationPlatforms) = preSolution
		Debug|Any CPU = Debug|Any CPU
		Release|Any CPU = Release|Any CPU
	EndGlobalSection
	GlobalSection(ProjectConfigurationPlatforms) = postSolution
		{CEF0A7DD-85D3-4FEB-A1A4-365B8488095F}.Debug|Any CPU.ActiveCfg = Debug|Any CPU
		{CEF0A7DD-85D3-4FEB-A1A4-365B8488095F}.Debug|Any CPU.Build.0 = Debug|Any CPU
		{CEF0A7DD-85D3-4FEB-A1A4-365B8488095F}.Release|Any CPU.ActiveCfg = Release|Any CPU
		{CEF0A7DD-85D3-4FEB-A1A4-365B8488095F}.Release|Any CPU.Build.0 = Release|Any CPU
	EndGlobalSection
	GlobalSection(SolutionProperties) = preSolution
		HideSolutionNode = FALSE
	EndGlobalSection
	GlobalSection(NestedProjects) = preSolution
		{CEF0A7DD-85D3-4FEB-A1A4-365B8488095F} = {60975B28-ECD5-4099-B4FC-CC98E67361F4}
	EndGlobalSection
	GlobalSection(ExtensibilityGlobals) = postSolution
		SolutionGuid = {DC469765-0678-428E-9579-F399A5E130D4}
	EndGlobalSection
EndGlobal
